// !$*UTF8*$!
{
	archiveVersion = 1;
	classes = {
	};
	objectVersion = 46;
	objects = {

/* Begin PBXBuildFile section */
		8AAE9DC318E8B43E00A61301 /* CTExecutorUsingOperation.m in Sources */ = {isa = PBXBuildFile; fileRef = 8AAE9DC218E8B43E00A61301 /* CTExecutorUsingOperation.m */; };
		8AC87F0E18E8553F00CA9063 /* CTExecutorUsingThreads.m in Sources */ = {isa = PBXBuildFile; fileRef = 8AC87F0D18E8553F00CA9063 /* CTExecutorUsingThreads.m */; };
		8AC87F1218E8557900CA9063 /* CTCodeToBeExecuted.m in Sources */ = {isa = PBXBuildFile; fileRef = 8AC87F1118E8557900CA9063 /* CTCodeToBeExecuted.m */; };
		8AC87F1618E858D300CA9063 /* CTExecutorUsingGCD.m in Sources */ = {isa = PBXBuildFile; fileRef = 8AC87F1518E858D300CA9063 /* CTExecutorUsingGCD.m */; };
		8AE4700818C8B2B800C007BF /* Foundation.framework in Frameworks */ = {isa = PBXBuildFile; fileRef = 8AE4700718C8B2B800C007BF /* Foundation.framework */; };
		8AE4700A18C8B2B800C007BF /* CoreGraphics.framework in Frameworks */ = {isa = PBXBuildFile; fileRef = 8AE4700918C8B2B800C007BF /* CoreGraphics.framework */; };
		8AE4700C18C8B2B800C007BF /* UIKit.framework in Frameworks */ = {isa = PBXBuildFile; fileRef = 8AE4700B18C8B2B800C007BF /* UIKit.framework */; };
		8AE4701218C8B2B800C007BF /* InfoPlist.strings in Resources */ = {isa = PBXBuildFile; fileRef = 8AE4701018C8B2B800C007BF /* InfoPlist.strings */; };
		8AE4701418C8B2B800C007BF /* main.m in Sources */ = {isa = PBXBuildFile; fileRef = 8AE4701318C8B2B800C007BF /* main.m */; };
		8AE4701818C8B2B800C007BF /* CTAppDelegate.m in Sources */ = {isa = PBXBuildFile; fileRef = 8AE4701718C8B2B800C007BF /* CTAppDelegate.m */; };
		8AE4701A18C8B2B800C007BF /* Images.xcassets in Resources */ = {isa = PBXBuildFile; fileRef = 8AE4701918C8B2B800C007BF /* Images.xcassets */; };
		8AE4702118C8B2B800C007BF /* XCTest.framework in Frameworks */ = {isa = PBXBuildFile; fileRef = 8AE4702018C8B2B800C007BF /* XCTest.framework */; };
		8AE4702218C8B2B800C007BF /* Foundation.framework in Frameworks */ = {isa = PBXBuildFile; fileRef = 8AE4700718C8B2B800C007BF /* Foundation.framework */; };
		8AE4702318C8B2B800C007BF /* UIKit.framework in Frameworks */ = {isa = PBXBuildFile; fileRef = 8AE4700B18C8B2B800C007BF /* UIKit.framework */; };
		8AE4702B18C8B2B800C007BF /* InfoPlist.strings in Resources */ = {isa = PBXBuildFile; fileRef = 8AE4702918C8B2B800C007BF /* InfoPlist.strings */; };
		8AE4702D18C8B2B800C007BF /* ConcurrencyTests.m in Sources */ = {isa = PBXBuildFile; fileRef = 8AE4702C18C8B2B800C007BF /* ConcurrencyTests.m */; };
		8AE4703C18C8B30D00C007BF /* CTTestViewController.m in Sources */ = {isa = PBXBuildFile; fileRef = 8AE4703B18C8B30D00C007BF /* CTTestViewController.m */; };
		8AE4704318C8B46400C007BF /* NSObject+ExecutionTimeLogger.m in Sources */ = {isa = PBXBuildFile; fileRef = 8AE4704218C8B46400C007BF /* NSObject+ExecutionTimeLogger.m */; };
		8AE4704518C8B4D100C007BF /* TestStoryboard.storyboard in Resources */ = {isa = PBXBuildFile; fileRef = 8AE4704418C8B4D100C007BF /* TestStoryboard.storyboard */; };
/* End PBXBuildFile section */

/* Begin PBXContainerItemProxy section */
		8AE4702418C8B2B800C007BF /* PBXContainerItemProxy */ = {
			isa = PBXContainerItemProxy;
			containerPortal = 8AE46FFC18C8B2B800C007BF /* Project object */;
			proxyType = 1;
			remoteGlobalIDString = 8AE4700318C8B2B800C007BF;
			remoteInfo = Concurrency;
		};
/* End PBXContainerItemProxy section */

/* Begin PBXFileReference section */
		8AAE9DC118E8B43E00A61301 /* CTExecutorUsingOperation.h */ = {isa = PBXFileReference; fileEncoding = 4; lastKnownFileType = sourcecode.c.h; path = CTExecutorUsingOperation.h; sourceTree = "<group>"; };
		8AAE9DC218E8B43E00A61301 /* CTExecutorUsingOperation.m */ = {isa = PBXFileReference; fileEncoding = 4; lastKnownFileType = sourcecode.c.objc; path = CTExecutorUsingOperation.m; sourceTree = "<group>"; };
		8AC87F0C18E8553F00CA9063 /* CTExecutorUsingThreads.h */ = {isa = PBXFileReference; fileEncoding = 4; lastKnownFileType = sourcecode.c.h; path = CTExecutorUsingThreads.h; sourceTree = "<group>"; };
		8AC87F0D18E8553F00CA9063 /* CTExecutorUsingThreads.m */ = {isa = PBXFileReference; fileEncoding = 4; lastKnownFileType = sourcecode.c.objc; path = CTExecutorUsingThreads.m; sourceTree = "<group>"; };
		8AC87F1018E8557900CA9063 /* CTCodeToBeExecuted.h */ = {isa = PBXFileReference; fileEncoding = 4; lastKnownFileType = sourcecode.c.h; path = CTCodeToBeExecuted.h; sourceTree = "<group>"; };
		8AC87F1118E8557900CA9063 /* CTCodeToBeExecuted.m */ = {isa = PBXFileReference; fileEncoding = 4; lastKnownFileType = sourcecode.c.objc; path = CTCodeToBeExecuted.m; sourceTree = "<group>"; };
		8AC87F1418E858D300CA9063 /* CTExecutorUsingGCD.h */ = {isa = PBXFileReference; fileEncoding = 4; lastKnownFileType = sourcecode.c.h; path = CTExecutorUsingGCD.h; sourceTree = "<group>"; };
		8AC87F1518E858D300CA9063 /* CTExecutorUsingGCD.m */ = {isa = PBXFileReference; fileEncoding = 4; lastKnownFileType = sourcecode.c.objc; path = CTExecutorUsingGCD.m; sourceTree = "<group>"; };
		8AE4700418C8B2B800C007BF /* Concurrency.app */ = {isa = PBXFileReference; explicitFileType = wrapper.application; includeInIndex = 0; path = Concurrency.app; sourceTree = BUILT_PRODUCTS_DIR; };
		8AE4700718C8B2B800C007BF /* Foundation.framework */ = {isa = PBXFileReference; lastKnownFileType = wrapper.framework; name = Foundation.framework; path = System/Library/Frameworks/Foundation.framework; sourceTree = SDKROOT; };
		8AE4700918C8B2B800C007BF /* CoreGraphics.framework */ = {isa = PBXFileReference; lastKnownFileType = wrapper.framework; name = CoreGraphics.framework; path = System/Library/Frameworks/CoreGraphics.framework; sourceTree = SDKROOT; };
		8AE4700B18C8B2B800C007BF /* UIKit.framework */ = {isa = PBXFileReference; lastKnownFileType = wrapper.framework; name = UIKit.framework; path = System/Library/Frameworks/UIKit.framework; sourceTree = SDKROOT; };
		8AE4700F18C8B2B800C007BF /* Concurrency-Info.plist */ = {isa = PBXFileReference; lastKnownFileType = text.plist.xml; path = "Concurrency-Info.plist"; sourceTree = "<group>"; };
		8AE4701118C8B2B800C007BF /* en */ = {isa = PBXFileReference; lastKnownFileType = text.plist.strings; name = en; path = en.lproj/InfoPlist.strings; sourceTree = "<group>"; };
		8AE4701318C8B2B800C007BF /* main.m */ = {isa = PBXFileReference; lastKnownFileType = sourcecode.c.objc; path = main.m; sourceTree = "<group>"; };
		8AE4701518C8B2B800C007BF /* Concurrency-Prefix.pch */ = {isa = PBXFileReference; lastKnownFileType = sourcecode.c.h; path = "Concurrency-Prefix.pch"; sourceTree = "<group>"; };
		8AE4701618C8B2B800C007BF /* CTAppDelegate.h */ = {isa = PBXFileReference; lastKnownFileType = sourcecode.c.h; path = CTAppDelegate.h; sourceTree = "<group>"; };
		8AE4701718C8B2B800C007BF /* CTAppDelegate.m */ = {isa = PBXFileReference; lastKnownFileType = sourcecode.c.objc; path = CTAppDelegate.m; sourceTree = "<group>"; };
		8AE4701918C8B2B800C007BF /* Images.xcassets */ = {isa = PBXFileReference; lastKnownFileType = folder.assetcatalog; path = Images.xcassets; sourceTree = "<group>"; };
		8AE4701F18C8B2B800C007BF /* ConcurrencyTests.xctest */ = {isa = PBXFileReference; explicitFileType = wrapper.cfbundle; includeInIndex = 0; path = ConcurrencyTests.xctest; sourceTree = BUILT_PRODUCTS_DIR; };
		8AE4702018C8B2B800C007BF /* XCTest.framework */ = {isa = PBXFileReference; lastKnownFileType = wrapper.framework; name = XCTest.framework; path = Library/Frameworks/XCTest.framework; sourceTree = DEVELOPER_DIR; };
		8AE4702818C8B2B800C007BF /* ConcurrencyTests-Info.plist */ = {isa = PBXFileReference; lastKnownFileType = text.plist.xml; path = "ConcurrencyTests-Info.plist"; sourceTree = "<group>"; };
		8AE4702A18C8B2B800C007BF /* en */ = {isa = PBXFileReference; lastKnownFileType = text.plist.strings; name = en; path = en.lproj/InfoPlist.strings; sourceTree = "<group>"; };
		8AE4702C18C8B2B800C007BF /* ConcurrencyTests.m */ = {isa = PBXFileReference; lastKnownFileType = sourcecode.c.objc; path = ConcurrencyTests.m; sourceTree = "<group>"; };
		8AE4703A18C8B30D00C007BF /* CTTestViewController.h */ = {isa = PBXFileReference; fileEncoding = 4; lastKnownFileType = sourcecode.c.h; path = CTTestViewController.h; sourceTree = "<group>"; };
		8AE4703B18C8B30D00C007BF /* CTTestViewController.m */ = {isa = PBXFileReference; fileEncoding = 4; lastKnownFileType = sourcecode.c.objc; path = CTTestViewController.m; sourceTree = "<group>"; };
		8AE4704118C8B46400C007BF /* NSObject+ExecutionTimeLogger.h */ = {isa = PBXFileReference; fileEncoding = 4; lastKnownFileType = sourcecode.c.h; path = "NSObject+ExecutionTimeLogger.h"; sourceTree = "<group>"; };
		8AE4704218C8B46400C007BF /* NSObject+ExecutionTimeLogger.m */ = {isa = PBXFileReference; fileEncoding = 4; lastKnownFileType = sourcecode.c.objc; path = "NSObject+ExecutionTimeLogger.m"; sourceTree = "<group>"; };
		8AE4704418C8B4D100C007BF /* TestStoryboard.storyboard */ = {isa = PBXFileReference; fileEncoding = 4; lastKnownFileType = file.storyboard; path = TestStoryboard.storyboard; sourceTree = "<group>"; };
/* End PBXFileReference section */

/* Begin PBXFrameworksBuildPhase section */
		8AE4700118C8B2B800C007BF /* Frameworks */ = {
			isa = PBXFrameworksBuildPhase;
			buildActionMask = 2147483647;
			files = (
				8AE4700A18C8B2B800C007BF /* CoreGraphics.framework in Frameworks */,
				8AE4700C18C8B2B800C007BF /* UIKit.framework in Frameworks */,
				8AE4700818C8B2B800C007BF /* Foundation.framework in Frameworks */,
			);
			runOnlyForDeploymentPostprocessing = 0;
		};
		8AE4701C18C8B2B800C007BF /* Frameworks */ = {
			isa = PBXFrameworksBuildPhase;
			buildActionMask = 2147483647;
			files = (
				8AE4702118C8B2B800C007BF /* XCTest.framework in Frameworks */,
				8AE4702318C8B2B800C007BF /* UIKit.framework in Frameworks */,
				8AE4702218C8B2B800C007BF /* Foundation.framework in Frameworks */,
			);
			runOnlyForDeploymentPostprocessing = 0;
		};
/* End PBXFrameworksBuildPhase section */

/* Begin PBXGroup section */
		8AAE9DC018E8837500A61301 /* Operation */ = {
			isa = PBXGroup;
			children = (
				8AAE9DC118E8B43E00A61301 /* CTExecutorUsingOperation.h */,
				8AAE9DC218E8B43E00A61301 /* CTExecutorUsingOperation.m */,
			);
			name = Operation;
			sourceTree = "<group>";
		};
		8AC87F0B18E8547B00CA9063 /* Threading */ = {
			isa = PBXGroup;
			children = (
				8AC87F0C18E8553F00CA9063 /* CTExecutorUsingThreads.h */,
				8AC87F0D18E8553F00CA9063 /* CTExecutorUsingThreads.m */,
			);
			name = Threading;
			sourceTree = "<group>";
		};
		8AC87F0F18E8555D00CA9063 /* Task */ = {
			isa = PBXGroup;
			children = (
				8AC87F1018E8557900CA9063 /* CTCodeToBeExecuted.h */,
				8AC87F1118E8557900CA9063 /* CTCodeToBeExecuted.m */,
			);
			name = Task;
			sourceTree = "<group>";
		};
		8AC87F1318E858BA00CA9063 /* GCD */ = {
			isa = PBXGroup;
			children = (
				8AC87F1418E858D300CA9063 /* CTExecutorUsingGCD.h */,
				8AC87F1518E858D300CA9063 /* CTExecutorUsingGCD.m */,
			);
			name = GCD;
			sourceTree = "<group>";
		};
		8AE46FFB18C8B2B800C007BF = {
			isa = PBXGroup;
			children = (
				8AE4700D18C8B2B800C007BF /* Concurrency */,
				8AE4702618C8B2B800C007BF /* ConcurrencyTests */,
				8AE4700618C8B2B800C007BF /* Frameworks */,
				8AE4700518C8B2B800C007BF /* Products */,
			);
			sourceTree = "<group>";
		};
		8AE4700518C8B2B800C007BF /* Products */ = {
			isa = PBXGroup;
			children = (
				8AE4700418C8B2B800C007BF /* Concurrency.app */,
				8AE4701F18C8B2B800C007BF /* ConcurrencyTests.xctest */,
			);
			name = Products;
			sourceTree = "<group>";
		};
		8AE4700618C8B2B800C007BF /* Frameworks */ = {
			isa = PBXGroup;
			children = (
				8AE4700718C8B2B800C007BF /* Foundation.framework */,
				8AE4700918C8B2B800C007BF /* CoreGraphics.framework */,
				8AE4700B18C8B2B800C007BF /* UIKit.framework */,
				8AE4702018C8B2B800C007BF /* XCTest.framework */,
			);
			name = Frameworks;
			sourceTree = "<group>";
		};
		8AE4700D18C8B2B800C007BF /* Concurrency */ = {
			isa = PBXGroup;
			children = (
				8AAE9DC018E8837500A61301 /* Operation */,
				8AC87F1318E858BA00CA9063 /* GCD */,
				8AC87F0F18E8555D00CA9063 /* Task */,
				8AC87F0B18E8547B00CA9063 /* Threading */,
				8AE4703D18C8B42700C007BF /* Class+Categories */,
				8AE4703918C8B2E500C007BF /* ViewControllers */,
				8AE4701618C8B2B800C007BF /* CTAppDelegate.h */,
				8AE4701718C8B2B800C007BF /* CTAppDelegate.m */,
				8AE4701918C8B2B800C007BF /* Images.xcassets */,
				8AE4700E18C8B2B800C007BF /* Supporting Files */,
				8AE4704418C8B4D100C007BF /* TestStoryboard.storyboard */,
			);
			path = Concurrency;
			sourceTree = "<group>";
		};
		8AE4700E18C8B2B800C007BF /* Supporting Files */ = {
			isa = PBXGroup;
			children = (
				8AE4700F18C8B2B800C007BF /* Concurrency-Info.plist */,
				8AE4701018C8B2B800C007BF /* InfoPlist.strings */,
				8AE4701318C8B2B800C007BF /* main.m */,
				8AE4701518C8B2B800C007BF /* Concurrency-Prefix.pch */,
			);
			name = "Supporting Files";
			sourceTree = "<group>";
		};
		8AE4702618C8B2B800C007BF /* ConcurrencyTests */ = {
			isa = PBXGroup;
			children = (
				8AE4702C18C8B2B800C007BF /* ConcurrencyTests.m */,
				8AE4702718C8B2B800C007BF /* Supporting Files */,
			);
			path = ConcurrencyTests;
			sourceTree = "<group>";
		};
		8AE4702718C8B2B800C007BF /* Supporting Files */ = {
			isa = PBXGroup;
			children = (
				8AE4702818C8B2B800C007BF /* ConcurrencyTests-Info.plist */,
				8AE4702918C8B2B800C007BF /* InfoPlist.strings */,
			);
			name = "Supporting Files";
			sourceTree = "<group>";
		};
		8AE4703918C8B2E500C007BF /* ViewControllers */ = {
			isa = PBXGroup;
			children = (
				8AE4703A18C8B30D00C007BF /* CTTestViewController.h */,
				8AE4703B18C8B30D00C007BF /* CTTestViewController.m */,
			);
			name = ViewControllers;
			sourceTree = "<group>";
		};
		8AE4703D18C8B42700C007BF /* Class+Categories */ = {
			isa = PBXGroup;
			children = (
				8AE4704118C8B46400C007BF /* NSObject+ExecutionTimeLogger.h */,
				8AE4704218C8B46400C007BF /* NSObject+ExecutionTimeLogger.m */,
			);
			name = "Class+Categories";
			sourceTree = "<group>";
		};
/* End PBXGroup section */

/* Begin PBXNativeTarget section */
		8AE4700318C8B2B800C007BF /* Concurrency */ = {
			isa = PBXNativeTarget;
			buildConfigurationList = 8AE4703018C8B2B800C007BF /* Build configuration list for PBXNativeTarget "Concurrency" */;
			buildPhases = (
				8AE4700018C8B2B800C007BF /* Sources */,
				8AE4700118C8B2B800C007BF /* Frameworks */,
				8AE4700218C8B2B800C007BF /* Resources */,
			);
			buildRules = (
			);
			dependencies = (
			);
			name = Concurrency;
			productName = Concurrency;
			productReference = 8AE4700418C8B2B800C007BF /* Concurrency.app */;
			productType = "com.apple.product-type.application";
		};
		8AE4701E18C8B2B800C007BF /* ConcurrencyTests */ = {
			isa = PBXNativeTarget;
			buildConfigurationList = 8AE4703318C8B2B800C007BF /* Build configuration list for PBXNativeTarget "ConcurrencyTests" */;
			buildPhases = (
				8AE4701B18C8B2B800C007BF /* Sources */,
				8AE4701C18C8B2B800C007BF /* Frameworks */,
				8AE4701D18C8B2B800C007BF /* Resources */,
			);
			buildRules = (
			);
			dependencies = (
				8AE4702518C8B2B800C007BF /* PBXTargetDependency */,
			);
			name = ConcurrencyTests;
			productName = ConcurrencyTests;
			productReference = 8AE4701F18C8B2B800C007BF /* ConcurrencyTests.xctest */;
			productType = "com.apple.product-type.bundle.unit-test";
		};
/* End PBXNativeTarget section */

/* Begin PBXProject section */
		8AE46FFC18C8B2B800C007BF /* Project object */ = {
			isa = PBXProject;
			attributes = {
				CLASSPREFIX = CT;
				LastUpgradeCheck = 0510;
				ORGANIZATIONNAME = Dhana;
				TargetAttributes = {
					8AE4701E18C8B2B800C007BF = {
						TestTargetID = 8AE4700318C8B2B800C007BF;
					};
				};
			};
			buildConfigurationList = 8AE46FFF18C8B2B800C007BF /* Build configuration list for PBXProject "Concurrency" */;
			compatibilityVersion = "Xcode 3.2";
			developmentRegion = English;
			hasScannedForEncodings = 0;
			knownRegions = (
				en,
			);
			mainGroup = 8AE46FFB18C8B2B800C007BF;
			productRefGroup = 8AE4700518C8B2B800C007BF /* Products */;
			projectDirPath = "";
			projectRoot = "";
			targets = (
				8AE4700318C8B2B800C007BF /* Concurrency */,
				8AE4701E18C8B2B800C007BF /* ConcurrencyTests */,
			);
		};
/* End PBXProject section */

/* Begin PBXResourcesBuildPhase section */
		8AE4700218C8B2B800C007BF /* Resources */ = {
			isa = PBXResourcesBuildPhase;
			buildActionMask = 2147483647;
			files = (
				8AE4704518C8B4D100C007BF /* TestStoryboard.storyboard in Resources */,
				8AE4701218C8B2B800C007BF /* InfoPlist.strings in Resources */,
				8AE4701A18C8B2B800C007BF /* Images.xcassets in Resources */,
			);
			runOnlyForDeploymentPostprocessing = 0;
		};
		8AE4701D18C8B2B800C007BF /* Resources */ = {
			isa = PBXResourcesBuildPhase;
			buildActionMask = 2147483647;
			files = (
				8AE4702B18C8B2B800C007BF /* InfoPlist.strings in Resources */,
			);
			runOnlyForDeploymentPostprocessing = 0;
		};
/* End PBXResourcesBuildPhase section */

/* Begin PBXSourcesBuildPhase section */
		8AE4700018C8B2B800C007BF /* Sources */ = {
			isa = PBXSourcesBuildPhase;
			buildActionMask = 2147483647;
			files = (
				8AC87F1218E8557900CA9063 /* CTCodeToBeExecuted.m in Sources */,
				8AE4701418C8B2B800C007BF /* main.m in Sources */,
				8AAE9DC318E8B43E00A61301 /* CTExecutorUsingOperation.m in Sources */,
				8AE4701818C8B2B800C007BF /* CTAppDelegate.m in Sources */,
				8AE4703C18C8B30D00C007BF /* CTTestViewController.m in Sources */,
				8AC87F1618E858D300CA9063 /* CTExecutorUsingGCD.m in Sources */,
				8AC87F0E18E8553F00CA9063 /* CTExecutorUsingThreads.m in Sources */,
				8AE4704318C8B46400C007BF /* NSObject+ExecutionTimeLogger.m in Sources */,
			);
			runOnlyForDeploymentPostprocessing = 0;
		};
		8AE4701B18C8B2B800C007BF /* Sources */ = {
			isa = PBXSourcesBuildPhase;
			buildActionMask = 2147483647;
			files = (
				8AE4702D18C8B2B800C007BF /* ConcurrencyTests.m in Sources */,
			);
			runOnlyForDeploymentPostprocessing = 0;
		};
/* End PBXSourcesBuildPhase section */

/* Begin PBXTargetDependency section */
		8AE4702518C8B2B800C007BF /* PBXTargetDependency */ = {
			isa = PBXTargetDependency;
			target = 8AE4700318C8B2B800C007BF /* Concurrency */;
			targetProxy = 8AE4702418C8B2B800C007BF /* PBXContainerItemProxy */;
		};
/* End PBXTargetDependency section */

/* Begin PBXVariantGroup section */
		8AE4701018C8B2B800C007BF /* InfoPlist.strings */ = {
			isa = PBXVariantGroup;
			children = (
				8AE4701118C8B2B800C007BF /* en */,
			);
			name = InfoPlist.strings;
			sourceTree = "<group>";
		};
		8AE4702918C8B2B800C007BF /* InfoPlist.strings */ = {
			isa = PBXVariantGroup;
			children = (
				8AE4702A18C8B2B800C007BF /* en */,
			);
			name = InfoPlist.strings;
			sourceTree = "<group>";
		};
/* End PBXVariantGroup section */

/* Begin XCBuildConfiguration section */
		8AE4702E18C8B2B800C007BF /* Debug */ = {
			isa = XCBuildConfiguration;
			buildSettings = {
				ALWAYS_SEARCH_USER_PATHS = NO;
				CLANG_CXX_LANGUAGE_STANDARD = "gnu++0x";
				CLANG_CXX_LIBRARY = "libc++";
				CLANG_ENABLE_MODULES = YES;
				CLANG_ENABLE_OBJC_ARC = YES;
				CLANG_WARN_BOOL_CONVERSION = YES;
				CLANG_WARN_CONSTANT_CONVERSION = YES;
				CLANG_WARN_DIRECT_OBJC_ISA_USAGE = YES_ERROR;
				CLANG_WARN_EMPTY_BODY = YES;
				CLANG_WARN_ENUM_CONVERSION = YES;
				CLANG_WARN_INT_CONVERSION = YES;
				CLANG_WARN_OBJC_ROOT_CLASS = YES_ERROR;
				CLANG_WARN__DUPLICATE_METHOD_MATCH = YES;
				"CODE_SIGN_IDENTITY[sdk=iphoneos*]" = "iPhone Developer";
				COPY_PHASE_STRIP = NO;
				GCC_C_LANGUAGE_STANDARD = gnu99;
				GCC_DYNAMIC_NO_PIC = NO;
				GCC_OPTIMIZATION_LEVEL = 0;
				GCC_PREPROCESSOR_DEFINITIONS = (
					"DEBUG=1",
					"$(inherited)",
				);
				GCC_SYMBOLS_PRIVATE_EXTERN = NO;
				GCC_WARN_64_TO_32_BIT_CONVERSION = YES;
				GCC_WARN_ABOUT_RETURN_TYPE = YES_ERROR;
				GCC_WARN_UNDECLARED_SELECTOR = YES;
				GCC_WARN_UNINITIALIZED_AUTOS = YES;
				GCC_WARN_UNUSED_FUNCTION = YES;
				GCC_WARN_UNUSED_VARIABLE = YES;
				IPHONEOS_DEPLOYMENT_TARGET = 7.0;
				ONLY_ACTIVE_ARCH = YES;
				SDKROOT = iphoneos;
				TARGETED_DEVICE_FAMILY = "1,2";
			};
			name = Debug;
		};
		8AE4702F18C8B2B800C007BF /* Release */ = {
			isa = XCBuildConfiguration;
			buildSettings = {
				ALWAYS_SEARCH_USER_PATHS = NO;
				CLANG_CXX_LANGUAGE_STANDARD = "gnu++0x";
				CLANG_CXX_LIBRARY = "libc++";
				CLANG_ENABLE_MODULES = YES;
				CLANG_ENABLE_OBJC_ARC = YES;
				CLANG_WARN_BOOL_CONVERSION = YES;
				CLANG_WARN_CONSTANT_CONVERSION = YES;
				CLANG_WARN_DIRECT_OBJC_ISA_USAGE = YES_ERROR;
				CLANG_WARN_EMPTY_BODY = YES;
				CLANG_WARN_ENUM_CONVERSION = YES;
				CLANG_WARN_INT_CONVERSION = YES;
				CLANG_WARN_OBJC_ROOT_CLASS = YES_ERROR;
				CLANG_WARN__DUPLICATE_METHOD_MATCH = YES;
				"CODE_SIGN_IDENTITY[sdk=iphoneos*]" = "iPhone Developer";
				COPY_PHASE_STRIP = YES;
				ENABLE_NS_ASSERTIONS = NO;
				GCC_C_LANGUAGE_STANDARD = gnu99;
				GCC_WARN_64_TO_32_BIT_CONVERSION = YES;
				GCC_WARN_ABOUT_RETURN_TYPE = YES_ERROR;
				GCC_WARN_UNDECLARED_SELECTOR = YES;
				GCC_WARN_UNINITIALIZED_AUTOS = YES;
				GCC_WARN_UNUSED_FUNCTION = YES;
				GCC_WARN_UNUSED_VARIABLE = YES;
				IPHONEOS_DEPLOYMENT_TARGET = 7.0;
				SDKROOT = iphoneos;
				TARGETED_DEVICE_FAMILY = "1,2";
				VALIDATE_PRODUCT = YES;
			};
			name = Release;
		};
		8AE4703118C8B2B800C007BF /* Debug */ = {
			isa = XCBuildConfiguration;
			buildSettings = {
				ASSETCATALOG_COMPILER_APPICON_NAME = AppIcon;
				ASSETCATALOG_COMPILER_LAUNCHIMAGE_NAME = LaunchImage;
				GCC_PRECOMPILE_PREFIX_HEADER = YES;
				GCC_PREFIX_HEADER = "Concurrency/Concurrency-Prefix.pch";
				INFOPLIST_FILE = "Concurrency/Concurrency-Info.plist";
				PRODUCT_NAME = "$(TARGET_NAME)";
				WRAPPER_EXTENSION = app;
			};
			name = Debug;
		};
		8AE4703218C8B2B800C007BF /* Release */ = {
			isa = XCBuildConfiguration;
			buildSettings = {
				ASSETCATALOG_COMPILER_APPICON_NAME = AppIcon;
				ASSETCATALOG_COMPILER_LAUNCHIMAGE_NAME = LaunchImage;
				GCC_PRECOMPILE_PREFIX_HEADER = YES;
				GCC_PREFIX_HEADER = "Concurrency/Concurrency-Prefix.pch";
				INFOPLIST_FILE = "Concurrency/Concurrency-Info.plist";
				PRODUCT_NAME = "$(TARGET_NAME)";
				WRAPPER_EXTENSION = app;
			};
			name = Release;
		};
		8AE4703418C8B2B800C007BF /* Debug */ = {
			isa = XCBuildConfiguration;
			buildSettings = {
				BUNDLE_LOADER = "$(BUILT_PRODUCTS_DIR)/Concurrency.app/Concurrency";
				FRAMEWORK_SEARCH_PATHS = (
					"$(SDKROOT)/Developer/Library/Frameworks",
					"$(inherited)",
					"$(DEVELOPER_FRAMEWORKS_DIR)",
				);
				GCC_PRECOMPILE_PREFIX_HEADER = YES;
				GCC_PREFIX_HEADER = "Concurrency/Concurrency-Prefix.pch";
				GCC_PREPROCESSOR_DEFINITIONS = (
					"DEBUG=1",
					"$(inherited)",
				);
				INFOPLIST_FILE = "ConcurrencyTests/ConcurrencyTests-Info.plist";
				PRODUCT_NAME = "$(TARGET_NAME)";
				TEST_HOST = "$(BUNDLE_LOADER)";
				WRAPPER_EXTENSION = xctest;
			};
			name = Debug;
		};
		8AE4703518C8B2B800C007BF /* Release */ = {
			isa = XCBuildConfiguration;
			buildSettings = {
				BUNDLE_LOADER = "$(BUILT_PRODUCTS_DIR)/Concurrency.app/Concurrency";
				FRAMEWORK_SEARCH_PATHS = (
					"$(SDKROOT)/Developer/Library/Frameworks",
					"$(inherited)",
					"$(DEVELOPER_FRAMEWORKS_DIR)",
				);
				GCC_PRECOMPILE_PREFIX_HEADER = YES;
				GCC_PREFIX_HEADER = "Concurrency/Concurrency-Prefix.pch";
				INFOPLIST_FILE = "ConcurrencyTests/ConcurrencyTests-Info.plist";
				PRODUCT_NAME = "$(TARGET_NAME)";
				TEST_HOST = "$(BUNDLE_LOADER)";
				WRAPPER_EXTENSION = xctest;
			};
			name = Release;
		};
/* End XCBuildConfiguration section */

/* Begin XCConfigurationList section */
		8AE46FFF18C8B2B800C007BF /* Build configuration list for PBXProject "Concurrency" */ = {
			isa = XCConfigurationList;
			buildConfigurations = (
				8AE4702E18C8B2B800C007BF /* Debug */,
				8AE4702F18C8B2B800C007BF /* Release */,
			);
			defaultConfigurationIsVisible = 0;
			defaultConfigurationName = Release;
		};
		8AE4703018C8B2B800C007BF /* Build configuration list for PBXNativeTarget "Concurrency" */ = {
			isa = XCConfigurationList;
			buildConfigurations = (
				8AE4703118C8B2B800C007BF /* Debug */,
				8AE4703218C8B2B800C007BF /* Release */,
			);
			defaultConfigurationIsVisible = 0;
			defaultConfigurationName = Release;
		};
		8AE4703318C8B2B800C007BF /* Build configuration list for PBXNativeTarget "ConcurrencyTests" */ = {
			isa = XCConfigurationList;
			buildConfigurations = (
				8AE4703418C8B2B800C007BF /* Debug */,
				8AE4703518C8B2B800C007BF /* Release */,
			);
			defaultConfigurationIsVisible = 0;
			defaultConfigurationName = Release;
		};
/* End XCConfigurationList section */
	};
	rootObject = 8AE46FFC18C8B2B800C007BF /* Project object */;
}
